// !$*UTF8*$!
{
	archiveVersion = 1;
	classes = {
	};
	objectVersion = 50;
	objects = {

/* Begin PBXBuildFile section */
		8A48E31C2329E557009DAC3F /* AppDelegate.m in Sources */ = {isa = PBXBuildFile; fileRef = 8A48E31B2329E557009DAC3F /* AppDelegate.m */; };
		8A48E31F2329E557009DAC3F /* ViewController.m in Sources */ = {isa = PBXBuildFile; fileRef = 8A48E31E2329E557009DAC3F /* ViewController.m */; };
		8A48E3222329E557009DAC3F /* Main.storyboard in Resources */ = {isa = PBXBuildFile; fileRef = 8A48E3202329E557009DAC3F /* Main.storyboard */; };
		8A48E3242329E558009DAC3F /* Assets.xcassets in Resources */ = {isa = PBXBuildFile; fileRef = 8A48E3232329E558009DAC3F /* Assets.xcassets */; };
		8A48E3272329E558009DAC3F /* LaunchScreen.storyboard in Resources */ = {isa = PBXBuildFile; fileRef = 8A48E3252329E558009DAC3F /* LaunchScreen.storyboard */; };
		8A48E32A2329E558009DAC3F /* main.m in Sources */ = {isa = PBXBuildFile; fileRef = 8A48E3292329E558009DAC3F /* main.m */; };
		A910C46B54D6A1096EDB2656 /* Pods_demo.framework in Frameworks */ = {isa = PBXBuildFile; fileRef = AB685FB80FEBFFFC58858F40 /* Pods_demo.framework */; };
/* End PBXBuildFile section */

/* Begin PBXContainerItemProxy section */
		8A48E3342329E56D009DAC3F /* PBXContainerItemProxy */ = {
			isa = PBXContainerItemProxy;
			containerPortal = 8A48E3302329E56D009DAC3F /* IRCache.xcodeproj */;
			proxyType = 2;
			remoteGlobalIDString = 8A48E2F52329E046009DAC3F;
			remoteInfo = IRCache;
		};
/* End PBXContainerItemProxy section */

/* Begin PBXFileReference section */
		5F8B4F7D4FCA7BDF5CB51B1E /* Pods-demo.debug.xcconfig */ = {isa = PBXFileReference; includeInIndex = 1; lastKnownFileType = text.xcconfig; name = "Pods-demo.debug.xcconfig"; path = "Target Support Files/Pods-demo/Pods-demo.debug.xcconfig"; sourceTree = "<group>"; };
		8A48E3172329E557009DAC3F /* demo.app */ = {isa = PBXFileReference; explicitFileType = wrapper.application; includeInIndex = 0; path = demo.app; sourceTree = BUILT_PRODUCTS_DIR; };
		8A48E31A2329E557009DAC3F /* AppDelegate.h */ = {isa = PBXFileReference; lastKnownFileType = sourcecode.c.h; path = AppDelegate.h; sourceTree = "<group>"; };
		8A48E31B2329E557009DAC3F /* AppDelegate.m */ = {isa = PBXFileReference; lastKnownFileType = sourcecode.c.objc; path = AppDelegate.m; sourceTree = "<group>"; };
		8A48E31D2329E557009DAC3F /* ViewController.h */ = {isa = PBXFileReference; lastKnownFileType = sourcecode.c.h; path = ViewController.h; sourceTree = "<group>"; };
		8A48E31E2329E557009DAC3F /* ViewController.m */ = {isa = PBXFileReference; lastKnownFileType = sourcecode.c.objc; path = ViewController.m; sourceTree = "<group>"; };
		8A48E3212329E557009DAC3F /* Base */ = {isa = PBXFileReference; lastKnownFileType = file.storyboard; name = Base; path = Base.lproj/Main.storyboard; sourceTree = "<group>"; };
		8A48E3232329E558009DAC3F /* Assets.xcassets */ = {isa = PBXFileReference; lastKnownFileType = folder.assetcatalog; path = Assets.xcassets; sourceTree = "<group>"; };
		8A48E3262329E558009DAC3F /* Base */ = {isa = PBXFileReference; lastKnownFileType = file.storyboard; name = Base; path = Base.lproj/LaunchScreen.storyboard; sourceTree = "<group>"; };
		8A48E3282329E558009DAC3F /* Info.plist */ = {isa = PBXFileReference; lastKnownFileType = text.plist.xml; path = Info.plist; sourceTree = "<group>"; };
		8A48E3292329E558009DAC3F /* main.m */ = {isa = PBXFileReference; lastKnownFileType = sourcecode.c.objc; path = main.m; sourceTree = "<group>"; };
		8A48E3302329E56D009DAC3F /* IRCache.xcodeproj */ = {isa = PBXFileReference; lastKnownFileType = "wrapper.pb-project"; name = IRCache.xcodeproj; path = ../IRCache.xcodeproj; sourceTree = "<group>"; };
		9A3599848E75205ADF5E90B5 /* Pods-demo.release.xcconfig */ = {isa = PBXFileReference; includeInIndex = 1; lastKnownFileType = text.xcconfig; name = "Pods-demo.release.xcconfig"; path = "Target Support Files/Pods-demo/Pods-demo.release.xcconfig"; sourceTree = "<group>"; };
		AB685FB80FEBFFFC58858F40 /* Pods_demo.framework */ = {isa = PBXFileReference; explicitFileType = wrapper.framework; includeInIndex = 0; path = Pods_demo.framework; sourceTree = BUILT_PRODUCTS_DIR; };
/* End PBXFileReference section */

/* Begin PBXFrameworksBuildPhase section */
		8A48E3142329E557009DAC3F /* Frameworks */ = {
			isa = PBXFrameworksBuildPhase;
			buildActionMask = 2147483647;
			files = (
				A910C46B54D6A1096EDB2656 /* Pods_demo.framework in Frameworks */,
			);
			runOnlyForDeploymentPostprocessing = 0;
		};
/* End PBXFrameworksBuildPhase section */

/* Begin PBXGroup section */
		6A76A4E070D749A85416B1D4 /* Pods */ = {
			isa = PBXGroup;
			children = (
				5F8B4F7D4FCA7BDF5CB51B1E /* Pods-demo.debug.xcconfig */,
				9A3599848E75205ADF5E90B5 /* Pods-demo.release.xcconfig */,
			);
			name = Pods;
			path = Pods;
			sourceTree = "<group>";
		};
		8A48E30E2329E557009DAC3F = {
			isa = PBXGroup;
			children = (
				8A48E3302329E56D009DAC3F /* IRCache.xcodeproj */,
				8A48E3192329E557009DAC3F /* demo */,
				8A48E3182329E557009DAC3F /* Products */,
				6A76A4E070D749A85416B1D4 /* Pods */,
				F0840C839DFC5DF602F57440 /* Frameworks */,
			);
			sourceTree = "<group>";
		};
		8A48E3182329E557009DAC3F /* Products */ = {
			isa = PBXGroup;
			children = (
				8A48E3172329E557009DAC3F /* demo.app */,
			);
			name = Products;
			sourceTree = "<group>";
		};
		8A48E3192329E557009DAC3F /* demo */ = {
			isa = PBXGroup;
			children = (
				8A48E31A2329E557009DAC3F /* AppDelegate.h */,
				8A48E31B2329E557009DAC3F /* AppDelegate.m */,
				8A48E31D2329E557009DAC3F /* ViewController.h */,
				8A48E31E2329E557009DAC3F /* ViewController.m */,
				8A48E3202329E557009DAC3F /* Main.storyboard */,
				8A48E3232329E558009DAC3F /* Assets.xcassets */,
				8A48E3252329E558009DAC3F /* LaunchScreen.storyboard */,
				8A48E3282329E558009DAC3F /* Info.plist */,
				8A48E3292329E558009DAC3F /* main.m */,
			);
			path = demo;
			sourceTree = "<group>";
		};
		8A48E3312329E56D009DAC3F /* Products */ = {
			isa = PBXGroup;
			children = (
				8A48E3352329E56D009DAC3F /* IRCache.framework */,
			);
			name = Products;
			sourceTree = "<group>";
		};
		F0840C839DFC5DF602F57440 /* Frameworks */ = {
			isa = PBXGroup;
			children = (
				AB685FB80FEBFFFC58858F40 /* Pods_demo.framework */,
			);
			name = Frameworks;
			sourceTree = "<group>";
		};
/* End PBXGroup section */

/* Begin PBXNativeTarget section */
		8A48E3162329E557009DAC3F /* demo */ = {
			isa = PBXNativeTarget;
			buildConfigurationList = 8A48E32D2329E558009DAC3F /* Build configuration list for PBXNativeTarget "demo" */;
			buildPhases = (
				69E4893F78CF466ACD977B8D /* [CP] Check Pods Manifest.lock */,
				8A48E3132329E557009DAC3F /* Sources */,
				8A48E3142329E557009DAC3F /* Frameworks */,
				8A48E3152329E557009DAC3F /* Resources */,
			);
			buildRules = (
			);
			dependencies = (
			);
			name = demo;
			productName = demo;
			productReference = 8A48E3172329E557009DAC3F /* demo.app */;
			productType = "com.apple.product-type.application";
		};
/* End PBXNativeTarget section */

/* Begin PBXProject section */
		8A48E30F2329E557009DAC3F /* Project object */ = {
			isa = PBXProject;
			attributes = {
				LastUpgradeCheck = 1020;
				ORGANIZATIONNAME = Phil;
				TargetAttributes = {
					8A48E3162329E557009DAC3F = {
						CreatedOnToolsVersion = 10.2.1;
					};
				};
			};
			buildConfigurationList = 8A48E3122329E557009DAC3F /* Build configuration list for PBXProject "demo" */;
			compatibilityVersion = "Xcode 9.3";
			developmentRegion = en;
			hasScannedForEncodings = 0;
			knownRegions = (
				en,
				Base,
			);
			mainGroup = 8A48E30E2329E557009DAC3F;
			productRefGroup = 8A48E3182329E557009DAC3F /* Products */;
			projectDirPath = "";
			projectReferences = (
				{
					ProductGroup = 8A48E3312329E56D009DAC3F /* Products */;
					ProjectRef = 8A48E3302329E56D009DAC3F /* IRCache.xcodeproj */;
				},
			);
			projectRoot = "";
			targets = (
				8A48E3162329E557009DAC3F /* demo */,
			);
		};
/* End PBXProject section */

/* Begin PBXReferenceProxy section */
		8A48E3352329E56D009DAC3F /* IRCache.framework */ = {
			isa = PBXReferenceProxy;
			fileType = wrapper.framework;
			path = IRCache.framework;
			remoteRef = 8A48E3342329E56D009DAC3F /* PBXContainerItemProxy */;
			sourceTree = BUILT_PRODUCTS_DIR;
		};
/* End PBXReferenceProxy section */

/* Begin PBXResourcesBuildPhase section */
		8A48E3152329E557009DAC3F /* Resources */ = {
			isa = PBXResourcesBuildPhase;
			buildActionMask = 2147483647;
			files = (
				8A48E3272329E558009DAC3F /* LaunchScreen.storyboard in Resources */,
				8A48E3242329E558009DAC3F /* Assets.xcassets in Resources */,
				8A48E3222329E557009DAC3F /* Main.storyboard in Resources */,
			);
			runOnlyForDeploymentPostprocessing = 0;
		};
/* End PBXResourcesBuildPhase section */

/* Begin PBXShellScriptBuildPhase section */
		69E4893F78CF466ACD977B8D /* [CP] Check Pods Manifest.lock */ = {
			isa = PBXShellScriptBuildPhase;
			buildActionMask = 2147483647;
			files = (
			);
			inputFileListPaths = (
			);
			inputPaths = (
				"${PODS_PODFILE_DIR_PATH}/Podfile.lock",
				"${PODS_ROOT}/Manifest.lock",
			);
			name = "[CP] Check Pods Manifest.lock";
			outputFileListPaths = (
			);
			outputPaths = (
				"$(DERIVED_FILE_DIR)/Pods-demo-checkManifestLockResult.txt",
			);
			runOnlyForDeploymentPostprocessing = 0;
			shellPath = /bin/sh;
			shellScript = "diff \"${PODS_PODFILE_DIR_PATH}/Podfile.lock\" \"${PODS_ROOT}/Manifest.lock\" > /dev/null\nif [ $? != 0 ] ; then\n    # print error to STDERR\n    echo \"error: The sandbox is not in sync with the Podfile.lock. Run 'pod install' or update your CocoaPods installation.\" >&2\n    exit 1\nfi\n# This output is used by Xcode 'outputs' to avoid re-running this script phase.\necho \"SUCCESS\" > \"${SCRIPT_OUTPUT_FILE_0}\"\n";
			showEnvVarsInLog = 0;
		};
/* End PBXShellScriptBuildPhase section */

/* Begin PBXSourcesBuildPhase section */
		8A48E3132329E557009DAC3F /* Sources */ = {
			isa = PBXSourcesBuildPhase;
			buildActionMask = 2147483647;
			files = (
				8A48E31F2329E557009DAC3F /* ViewController.m in Sources */,
				8A48E32A2329E558009DAC3F /* main.m in Sources */,
				8A48E31C2329E557009DAC3F /* AppDelegate.m in Sources */,
			);
			runOnlyForDeploymentPostprocessing = 0;
		};
/* End PBXSourcesBuildPhase section */

/* Begin PBXVariantGroup section */
		8A48E3202329E557009DAC3F /* Main.storyboard */ = {
			isa = PBXVariantGroup;
			children = (
				8A48E3212329E557009DAC3F /* Base */,
			);
			name = Main.storyboard;
			sourceTree = "<group>";
		};
		8A48E3252329E558009DAC3F /* LaunchScreen.storyboard */ = {
			isa = PBXVariantGroup;
			children = (
				8A48E3262329E558009DAC3F /* Base */,
			);
			name = LaunchScreen.storyboard;
			sourceTree = "<group>";
		};
/* End PBXVariantGroup section */

/* Begin XCBuildConfiguration section */
		8A48E32B2329E558009DAC3F /* Debug */ = {
			isa = XCBuildConfiguration;
			buildSettings = {
				ALWAYS_SEARCH_USER_PATHS = NO;
				CLANG_ANALYZER_NONNULL = YES;
				CLANG_ANALYZER_NUMBER_OBJECT_CONVERSION = YES_AGGRESSIVE;
				CLANG_CXX_LANGUAGE_STANDARD = "gnu++14";
				CLANG_CXX_LIBRARY = "libc++";
				CLANG_ENABLE_MODULES = YES;
				CLANG_ENABLE_OBJC_ARC = YES;
				CLANG_ENABLE_OBJC_WEAK = YES;
				CLANG_WARN_BLOCK_CAPTURE_AUTORELEASING = YES;
				CLANG_WARN_BOOL_CONVERSION = YES;
				CLANG_WARN_COMMA = YES;
				CLANG_WARN_CONSTANT_CONVERSION = YES;
				CLANG_WARN_DEPRECATED_OBJC_IMPLEMENTATIONS = YES;
				CLANG_WARN_DIRECT_OBJC_ISA_USAGE = YES_ERROR;
				CLANG_WARN_DOCUMENTATION_COMMENTS = YES;
				CLANG_WARN_EMPTY_BODY = YES;
				CLANG_WARN_ENUM_CONVERSION = YES;
				CLANG_WARN_INFINITE_RECURSION = YES;
				CLANG_WARN_INT_CONVERSION = YES;
				CLANG_WARN_NON_LITERAL_NULL_CONVERSION = YES;
				CLANG_WARN_OBJC_IMPLICIT_RETAIN_SELF = YES;
				CLANG_WARN_OBJC_LITERAL_CONVERSION = YES;
				CLANG_WARN_OBJC_ROOT_CLASS = YES_ERROR;
				CLANG_WARN_RANGE_LOOP_ANALYSIS = YES;
				CLANG_WARN_STRICT_PROTOTYPES = YES;
				CLANG_WARN_SUSPICIOUS_MOVE = YES;
				CLANG_WARN_UNGUARDED_AVAILABILITY = YES_AGGRESSIVE;
				CLANG_WARN_UNREACHABLE_CODE = YES;
				CLANG_WARN__DUPLICATE_METHOD_MATCH = YES;
				CODE_SIGN_IDENTITY = "iPhone Developer";
				COPY_PHASE_STRIP = NO;
				DEBUG_INFORMATION_FORMAT = dwarf;
				ENABLE_STRICT_OBJC_MSGSEND = YES;
				ENABLE_TESTABILITY = YES;
				GCC_C_LANGUAGE_STANDARD = gnu11;
				GCC_DYNAMIC_NO_PIC = NO;
				GCC_NO_COMMON_BLOCKS = YES;
				GCC_OPTIMIZATION_LEVEL = 0;
				GCC_PREPROCESSOR_DEFINITIONS = (
					"DEBUG=1",
					"$(inherited)",
				);
				GCC_WARN_64_TO_32_BIT_CONVERSION = YES;
				GCC_WARN_ABOUT_RETURN_TYPE = YES_ERROR;
				GCC_WARN_UNDECLARED_SELECTOR = YES;
				GCC_WARN_UNINITIALIZED_AUTOS = YES_AGGRESSIVE;
				GCC_WARN_UNUSED_FUNCTION = YES;
				GCC_WARN_UNUSED_VARIABLE = YES;
				IPHONEOS_DEPLOYMENT_TARGET = 12.2;
				MTL_ENABLE_DEBUG_INFO = INCLUDE_SOURCE;
				MTL_FAST_MATH = YES;
				ONLY_ACTIVE_ARCH = YES;
				SDKROOT = iphoneos;
			};
			name = Debug;
		};
		8A48E32C2329E558009DAC3F /* Release */ = {
			isa = XCBuildConfiguration;
			buildSettings = {
				ALWAYS_SEARCH_USER_PATHS = NO;
				CLANG_ANALYZER_NONNULL = YES;
				CLANG_ANALYZER_NUMBER_OBJECT_CONVERSION = YES_AGGRESSIVE;
				CLANG_CXX_LANGUAGE_STANDARD = "gnu++14";
				CLANG_CXX_LIBRARY = "libc++";
				CLANG_ENABLE_MODULES = YES;
				CLANG_ENABLE_OBJC_ARC = YES;
				CLANG_ENABLE_OBJC_WEAK = YES;
				CLANG_WARN_BLOCK_CAPTURE_AUTORELEASING = YES;
				CLANG_WARN_BOOL_CONVERSION = YES;
				CLANG_WARN_COMMA = YES;
				CLANG_WARN_CONSTANT_CONVERSION = YES;
				CLANG_WARN_DEPRECATED_OBJC_IMPLEMENTATIONS = YES;
				CLANG_WARN_DIRECT_OBJC_ISA_USAGE = YES_ERROR;
				CLANG_WARN_DOCUMENTATION_COMMENTS = YES;
				CLANG_WARN_EMPTY_BODY = YES;
				CLANG_WARN_ENUM_CONVERSION = YES;
				CLANG_WARN_INFINITE_RECURSION = YES;
				CLANG_WARN_INT_CONVERSION = YES;
				CLANG_WARN_NON_LITERAL_NULL_CONVERSION = YES;
				CLANG_WARN_OBJC_IMPLICIT_RETAIN_SELF = YES;
				CLANG_WARN_OBJC_LITERAL_CONVERSION = YES;
				CLANG_WARN_OBJC_ROOT_CLASS = YES_ERROR;
				CLANG_WARN_RANGE_LOOP_ANALYSIS = YES;
				CLANG_WARN_STRICT_PROTOTYPES = YES;
				CLANG_WARN_SUSPICIOUS_MOVE = YES;
				CLANG_WARN_UNGUARDED_AVAILABILITY = YES_AGGRESSIVE;
				CLANG_WARN_UNREACHABLE_CODE = YES;
				CLANG_WARN__DUPLICATE_METHOD_MATCH = YES;
				CODE_SIGN_IDENTITY = "iPhone Developer";
				COPY_PHASE_STRIP = NO;
				DEBUG_INFORMATION_FORMAT = "dwarf-with-dsym";
				ENABLE_NS_ASSERTIONS = NO;
				ENABLE_STRICT_OBJC_MSGSEND = YES;
				GCC_C_LANGUAGE_STANDARD = gnu11;
				GCC_NO_COMMON_BLOCKS = YES;
				GCC_WARN_64_TO_32_BIT_CONVERSION = YES;
				GCC_WARN_ABOUT_RETURN_TYPE = YES_ERROR;
				GCC_WARN_UNDECLARED_SELECTOR = YES;
				GCC_WARN_UNINITIALIZED_AUTOS = YES_AGGRESSIVE;
				GCC_WARN_UNUSED_FUNCTION = YES;
				GCC_WARN_UNUSED_VARIABLE = YES;
				IPHONEOS_DEPLOYMENT_TARGET = 12.2;
				MTL_ENABLE_DEBUG_INFO = NO;
				MTL_FAST_MATH = YES;
				SDKROOT = iphoneos;
				VALIDATE_PRODUCT = YES;
			};
			name = Release;
		};
		8A48E32E2329E558009DAC3F /* Debug */ = {
			isa = XCBuildConfiguration;
			baseConfigurationReference = 5F8B4F7D4FCA7BDF5CB51B1E /* Pods-demo.debug.xcconfig */;
			buildSettings = {
				ASSETCATALOG_COMPILER_APPICON_NAME = AppIcon;
				CODE_SIGN_STYLE = Automatic;
				DEVELOPMENT_TEAM = T6VV6T753H;
				INFOPLIST_FILE = demo/Info.plist;
				LD_RUNPATH_SEARCH_PATHS = (
					"$(inherited)",
					"@executable_path/Frameworks",
				);
				PRODUCT_BUNDLE_IDENTIFIER = irons163.demo;
				PRODUCT_NAME = "$(TARGET_NAME)";
				TARGETED_DEVICE_FAMILY = "1,2";
			};
			name = Debug;
		};
		8A48E32F2329E558009DAC3F /* Release */ = {
			isa = XCBuildConfiguration;
			baseConfigurationReference = 9A3599848E75205ADF5E90B5 /* Pods-demo.release.xcconfig */;
			buildSettings = {
				ASSETCATALOG_COMPILER_APPICON_NAME = AppIcon;
				CODE_SIGN_STYLE = Automatic;
				DEVELOPMENT_TEAM = T6VV6T753H;
				INFOPLIST_FILE = demo/Info.plist;
				LD_RUNPATH_SEARCH_PATHS = (
					"$(inherited)",
					"@executable_path/Frameworks",
				);
				PRODUCT_BUNDLE_IDENTIFIER = irons163.demo;
				PRODUCT_NAME = "$(TARGET_NAME)";
				TARGETED_DEVICE_FAMILY = "1,2";
			};
			name = Release;
		};
/* End XCBuildConfiguration section */

/* Begin XCConfigurationList section */
		8A48E3122329E557009DAC3F /* Build configuration list for PBXProject "demo" */ = {
			isa = XCConfigurationList;
			buildConfigurations = (
				8A48E32B2329E558009DAC3F /* Debug */,
				8A48E32C2329E558009DAC3F /* Release */,
			);
			defaultConfigurationIsVisible = 0;
			defaultConfigurationName = Release;
		};
		8A48E32D2329E558009DAC3F /* Build configuration list for PBXNativeTarget "demo" */ = {
			isa = XCConfigurationList;
			buildConfigurations = (
				8A48E32E2329E558009DAC3F /* Debug */,
				8A48E32F2329E558009DAC3F /* Release */,
			);
			defaultConfigurationIsVisible = 0;
			defaultConfigurationName = Release;
		};
/* End XCConfigurationList section */
	};
	rootObject = 8A48E30F2329E557009DAC3F /* Project object */;
}
